<?xml version="1.0" encoding="UTF-8"?>
<CodeBlocks_project_file>
	<FileVersion major="1" minor="6"/>
	<Project>
		<Option title="High_Performance_Technical_Computing"/>
		<Option makefile_is_custom="1"/>
		<Option compiler="gcc"/>
		<Option virtualFolders="CMake Files\;"/>
		<Build>
			<Target title="all">
				<Option working_dir="/home/wik/Pulpit/Dokumenty Wiktora/V rok/Cranfield/High Performance Technical Computing"/>
				<Option type="4"/>
				<MakeCommands>
					<Build command="/usr/bin/make -j4 -f &quot;/home/wik/Pulpit/Dokumenty\ Wiktora/V\ rok/Cranfield/High\ Performance\ Technical\ Computing/Makefile&quot;  VERBOSE=1 all"/>
					<CompileFile command="/usr/bin/make -j4 -f &quot;/home/wik/Pulpit/Dokumenty\ Wiktora/V\ rok/Cranfield/High\ Performance\ Technical\ Computing/Makefile&quot;  VERBOSE=1 &quot;$file&quot;"/>
					<Clean command="/usr/bin/make -j4 -f &quot;/home/wik/Pulpit/Dokumenty\ Wiktora/V\ rok/Cranfield/High\ Performance\ Technical\ Computing/Makefile&quot;  VERBOSE=1 clean"/>
					<DistClean command="/usr/bin/make -j4 -f &quot;/home/wik/Pulpit/Dokumenty\ Wiktora/V\ rok/Cranfield/High\ Performance\ Technical\ Computing/Makefile&quot;  VERBOSE=1 clean"/>
				</MakeCommands>
			</Target>
			<Target title="edit_cache">
				<Option working_dir="/home/wik/Pulpit/Dokumenty Wiktora/V rok/Cranfield/High Performance Technical Computing"/>
				<Option type="4"/>
				<MakeCommands>
					<Build command="/usr/bin/make -j4 -f &quot;/home/wik/Pulpit/Dokumenty\ Wiktora/V\ rok/Cranfield/High\ Performance\ Technical\ Computing/Makefile&quot;  VERBOSE=1 edit_cache"/>
					<CompileFile command="/usr/bin/make -j4 -f &quot;/home/wik/Pulpit/Dokumenty\ Wiktora/V\ rok/Cranfield/High\ Performance\ Technical\ Computing/Makefile&quot;  VERBOSE=1 &quot;$file&quot;"/>
					<Clean command="/usr/bin/make -j4 -f &quot;/home/wik/Pulpit/Dokumenty\ Wiktora/V\ rok/Cranfield/High\ Performance\ Technical\ Computing/Makefile&quot;  VERBOSE=1 clean"/>
					<DistClean command="/usr/bin/make -j4 -f &quot;/home/wik/Pulpit/Dokumenty\ Wiktora/V\ rok/Cranfield/High\ Performance\ Technical\ Computing/Makefile&quot;  VERBOSE=1 clean"/>
				</MakeCommands>
			</Target>
			<Target title="rebuild_cache">
				<Option working_dir="/home/wik/Pulpit/Dokumenty Wiktora/V rok/Cranfield/High Performance Technical Computing"/>
				<Option type="4"/>
				<MakeCommands>
					<Build command="/usr/bin/make -j4 -f &quot;/home/wik/Pulpit/Dokumenty\ Wiktora/V\ rok/Cranfield/High\ Performance\ Technical\ Computing/Makefile&quot;  VERBOSE=1 rebuild_cache"/>
					<CompileFile command="/usr/bin/make -j4 -f &quot;/home/wik/Pulpit/Dokumenty\ Wiktora/V\ rok/Cranfield/High\ Performance\ Technical\ Computing/Makefile&quot;  VERBOSE=1 &quot;$file&quot;"/>
					<Clean command="/usr/bin/make -j4 -f &quot;/home/wik/Pulpit/Dokumenty\ Wiktora/V\ rok/Cranfield/High\ Performance\ Technical\ Computing/Makefile&quot;  VERBOSE=1 clean"/>
					<DistClean command="/usr/bin/make -j4 -f &quot;/home/wik/Pulpit/Dokumenty\ Wiktora/V\ rok/Cranfield/High\ Performance\ Technical\ Computing/Makefile&quot;  VERBOSE=1 clean"/>
				</MakeCommands>
			</Target>
			<Target title="High_Performance_Technical_Computing">
				<Option output="/home/wik/Pulpit/Dokumenty Wiktora/V rok/Cranfield/High Performance Technical Computing/High_Performance_Technical_Computing" prefix_auto="0" extension_auto="0"/>
				<Option working_dir="/home/wik/Pulpit/Dokumenty Wiktora/V rok/Cranfield/High Performance Technical Computing"/>
				<Option object_output="./"/>
				<Option type="1"/>
				<Option compiler="gcc"/>
				<Compiler>
					<Add directory="/usr/lib/openmpi/include/openmpi/opal/mca/event/libevent2021/libevent"/>
					<Add directory="/usr/lib/openmpi/include/openmpi/opal/mca/event/libevent2021/libevent/include"/>
					<Add directory="/usr/lib/openmpi/include"/>
					<Add directory="/usr/lib/openmpi/include/openmpi"/>
					<Add directory="/usr/lib/gcc/x86_64-linux-gnu/5/include"/>
					<Add directory="/usr/local/include"/>
					<Add directory="/usr/lib/gcc/x86_64-linux-gnu/5/include-fixed"/>
					<Add directory="/usr/include/x86_64-linux-gnu"/>
					<Add directory="/usr/include"/>
					<Add directory="/usr/include/c++/5"/>
					<Add directory="/usr/include/x86_64-linux-gnu/c++/5"/>
					<Add directory="/usr/include/c++/5/backward"/>
				</Compiler>
				<MakeCommands>
					<Build command="/usr/bin/make -j4 -f &quot;/home/wik/Pulpit/Dokumenty\ Wiktora/V\ rok/Cranfield/High\ Performance\ Technical\ Computing/Makefile&quot;  VERBOSE=1 High_Performance_Technical_Computing"/>
					<CompileFile command="/usr/bin/make -j4 -f &quot;/home/wik/Pulpit/Dokumenty\ Wiktora/V\ rok/Cranfield/High\ Performance\ Technical\ Computing/Makefile&quot;  VERBOSE=1 &quot;$file&quot;"/>
					<Clean command="/usr/bin/make -j4 -f &quot;/home/wik/Pulpit/Dokumenty\ Wiktora/V\ rok/Cranfield/High\ Performance\ Technical\ Computing/Makefile&quot;  VERBOSE=1 clean"/>
					<DistClean command="/usr/bin/make -j4 -f &quot;/home/wik/Pulpit/Dokumenty\ Wiktora/V\ rok/Cranfield/High\ Performance\ Technical\ Computing/Makefile&quot;  VERBOSE=1 clean"/>
				</MakeCommands>
			</Target>
			<Target title="High_Performance_Technical_Computing/fast">
				<Option output="/home/wik/Pulpit/Dokumenty Wiktora/V rok/Cranfield/High Performance Technical Computing/High_Performance_Technical_Computing" prefix_auto="0" extension_auto="0"/>
				<Option working_dir="/home/wik/Pulpit/Dokumenty Wiktora/V rok/Cranfield/High Performance Technical Computing"/>
				<Option object_output="./"/>
				<Option type="1"/>
				<Option compiler="gcc"/>
				<Compiler>
					<Add directory="/usr/lib/openmpi/include/openmpi/opal/mca/event/libevent2021/libevent"/>
					<Add directory="/usr/lib/openmpi/include/openmpi/opal/mca/event/libevent2021/libevent/include"/>
					<Add directory="/usr/lib/openmpi/include"/>
					<Add directory="/usr/lib/openmpi/include/openmpi"/>
					<Add directory="/usr/lib/gcc/x86_64-linux-gnu/5/include"/>
					<Add directory="/usr/local/include"/>
					<Add directory="/usr/lib/gcc/x86_64-linux-gnu/5/include-fixed"/>
					<Add directory="/usr/include/x86_64-linux-gnu"/>
					<Add directory="/usr/include"/>
					<Add directory="/usr/include/c++/5"/>
					<Add directory="/usr/include/x86_64-linux-gnu/c++/5"/>
					<Add directory="/usr/include/c++/5/backward"/>
				</Compiler>
				<MakeCommands>
					<Build command="/usr/bin/make -j4 -f &quot;/home/wik/Pulpit/Dokumenty\ Wiktora/V\ rok/Cranfield/High\ Performance\ Technical\ Computing/Makefile&quot;  VERBOSE=1 High_Performance_Technical_Computing/fast"/>
					<CompileFile command="/usr/bin/make -j4 -f &quot;/home/wik/Pulpit/Dokumenty\ Wiktora/V\ rok/Cranfield/High\ Performance\ Technical\ Computing/Makefile&quot;  VERBOSE=1 &quot;$file&quot;"/>
					<Clean command="/usr/bin/make -j4 -f &quot;/home/wik/Pulpit/Dokumenty\ Wiktora/V\ rok/Cranfield/High\ Performance\ Technical\ Computing/Makefile&quot;  VERBOSE=1 clean"/>
					<DistClean command="/usr/bin/make -j4 -f &quot;/home/wik/Pulpit/Dokumenty\ Wiktora/V\ rok/Cranfield/High\ Performance\ Technical\ Computing/Makefile&quot;  VERBOSE=1 clean"/>
				</MakeCommands>
			</Target>
		</Build>
		<Unit filename="/home/wik/Pulpit/Dokumenty Wiktora/V rok/Cranfield/High Performance Technical Computing/Display.cpp">
			<Option target="High_Performance_Technical_Computing"/>
		</Unit>
		<Unit filename="/home/wik/Pulpit/Dokumenty Wiktora/V rok/Cranfield/High Performance Technical Computing/Display.h">
			<Option target="High_Performance_Technical_Computing"/>
		</Unit>
		<Unit filename="/home/wik/Pulpit/Dokumenty Wiktora/V rok/Cranfield/High Performance Technical Computing/ExplicitUpwindParallel.cpp">
			<Option target="High_Performance_Technical_Computing"/>
		</Unit>
		<Unit filename="/home/wik/Pulpit/Dokumenty Wiktora/V rok/Cranfield/High Performance Technical Computing/ExplicitUpwindParallel.h">
			<Option target="High_Performance_Technical_Computing"/>
		</Unit>
		<Unit filename="/home/wik/Pulpit/Dokumenty Wiktora/V rok/Cranfield/High Performance Technical Computing/ExplicitUpwindScheme.cpp">
			<Option target="High_Performance_Technical_Computing"/>
		</Unit>
		<Unit filename="/home/wik/Pulpit/Dokumenty Wiktora/V rok/Cranfield/High Performance Technical Computing/ExplicitUpwindScheme.h">
			<Option target="High_Performance_Technical_Computing"/>
		</Unit>
		<Unit filename="/home/wik/Pulpit/Dokumenty Wiktora/V rok/Cranfield/High Performance Technical Computing/GeneralScheme.cpp">
			<Option target="High_Performance_Technical_Computing"/>
		</Unit>
		<Unit filename="/home/wik/Pulpit/Dokumenty Wiktora/V rok/Cranfield/High Performance Technical Computing/GeneralScheme.h">
			<Option target="High_Performance_Technical_Computing"/>
		</Unit>
		<Unit filename="/home/wik/Pulpit/Dokumenty Wiktora/V rok/Cranfield/High Performance Technical Computing/ImplicitParallel.cpp">
			<Option target="High_Performance_Technical_Computing"/>
		</Unit>
		<Unit filename="/home/wik/Pulpit/Dokumenty Wiktora/V rok/Cranfield/High Performance Technical Computing/ImplicitParallel.h">
			<Option target="High_Performance_Technical_Computing"/>
		</Unit>
		<Unit filename="/home/wik/Pulpit/Dokumenty Wiktora/V rok/Cranfield/High Performance Technical Computing/ImplicitUpwindScheme.cpp">
			<Option target="High_Performance_Technical_Computing"/>
		</Unit>
		<Unit filename="/home/wik/Pulpit/Dokumenty Wiktora/V rok/Cranfield/High Performance Technical Computing/ImplicitUpwindScheme.h">
			<Option target="High_Performance_Technical_Computing"/>
		</Unit>
		<Unit filename="/home/wik/Pulpit/Dokumenty Wiktora/V rok/Cranfield/High Performance Technical Computing/Lax_Wendroff.cpp">
			<Option target="High_Performance_Technical_Computing"/>
		</Unit>
		<Unit filename="/home/wik/Pulpit/Dokumenty Wiktora/V rok/Cranfield/High Performance Technical Computing/Lax_Wendroff.h">
			<Option target="High_Performance_Technical_Computing"/>
		</Unit>
		<Unit filename="/home/wik/Pulpit/Dokumenty Wiktora/V rok/Cranfield/High Performance Technical Computing/MathFunctions.cpp">
			<Option target="High_Performance_Technical_Computing"/>
		</Unit>
		<Unit filename="/home/wik/Pulpit/Dokumenty Wiktora/V rok/Cranfield/High Performance Technical Computing/MathFunctions.h">
			<Option target="High_Performance_Technical_Computing"/>
		</Unit>
		<Unit filename="/home/wik/Pulpit/Dokumenty Wiktora/V rok/Cranfield/High Performance Technical Computing/Matrix.cpp">
			<Option target="High_Performance_Technical_Computing"/>
		</Unit>
		<Unit filename="/home/wik/Pulpit/Dokumenty Wiktora/V rok/Cranfield/High Performance Technical Computing/Matrix.h">
			<Option target="High_Performance_Technical_Computing"/>
		</Unit>
		<Unit filename="/home/wik/Pulpit/Dokumenty Wiktora/V rok/Cranfield/High Performance Technical Computing/Richtmyer_multi_step.cpp">
			<Option target="High_Performance_Technical_Computing"/>
		</Unit>
		<Unit filename="/home/wik/Pulpit/Dokumenty Wiktora/V rok/Cranfield/High Performance Technical Computing/Richtmyer_multi_step.h">
			<Option target="High_Performance_Technical_Computing"/>
		</Unit>
		<Unit filename="/home/wik/Pulpit/Dokumenty Wiktora/V rok/Cranfield/High Performance Technical Computing/main.cpp">
			<Option target="High_Performance_Technical_Computing"/>
		</Unit>
		<Unit filename="/home/wik/Pulpit/Dokumenty Wiktora/V rok/Cranfield/High Performance Technical Computing/main.h">
			<Option target="High_Performance_Technical_Computing"/>
		</Unit>
		<Unit filename="/home/wik/Pulpit/Dokumenty Wiktora/V rok/Cranfield/High Performance Technical Computing/CMakeLists.txt">
			<Option virtualFolder="CMake Files\"/>
		</Unit>
	</Project>
</CodeBlocks_project_file>
